
Microsoft Visual Studio Solution File, Format Version 12.00
# Visual Studio Version 16
VisualStudioVersion = 16.0.31829.152
MinimumVisualStudioVersion = 10.0.40219.1
Project("{FAE04EC0-301F-11D3-BF4B-00C04F79EFBC}") = "Задание 18", "Задание 18\Задание 18.csproj", "{A2304E25-0926-4F3A-9652-4013BB7CB3F1}"
EndProject
Global
	GlobalSection(SolutionConfigurationPlatforms) = preSolution
		Debug|Any CPU = Debug|Any CPU
		Release|Any CPU = Release|Any CPU
	EndGlobalSection
	GlobalSection(ProjectConfigurationPlatforms) = postSolution
		{A2304E25-0926-4F3A-9652-4013BB7CB3F1}.Debug|Any CPU.ActiveCfg = Debug|Any CPU
		{A2304E25-0926-4F3A-9652-4013BB7CB3F1}.Debug|Any CPU.Build.0 = Debug|Any CPU
		{A2304E25-0926-4F3A-9652-4013BB7CB3F1}.Release|Any CPU.ActiveCfg = Release|Any CPU
		{A2304E25-0926-4F3A-9652-4013BB7CB3F1}.Release|Any CPU.Build.0 = Release|Any CPU
	EndGlobalSection
	GlobalSection(SolutionProperties) = preSolution
		HideSolutionNode = FALSE
	EndGlobalSection
	GlobalSection(ExtensibilityGlobals) = postSolution
		SolutionGuid = {C4D22E00-6FB4-4985-92D2-5345AEF3FB04}
	EndGlobalSection
EndGlobal
